
Microsoft Visual Studio Solution File, Format Version 12.00
# Visual Studio 2013
VisualStudioVersion = 12.0.21005.1
MinimumVisualStudioVersion = 10.0.40219.1
Project("{8BC9CEB8-8B4A-11D0-8D11-00A0C91BC942}") = "ACE", "ACE_vc10.vcxproj", "{47BC56ED-FECA-1BAD-6757-8A6300006755}"
EndProject
Project("{8BC9CEB8-8B4A-11D0-8D11-00A0C91BC942}") = "ACE_Compression", "Compression\ACE_Compression_vc10.vcxproj", "{B0AF43A7-FECA-1BAD-EA06-BB371373EA04}"
	ProjectSection(ProjectDependencies) = postProject
		{47BC56ED-FECA-1BAD-6757-8A6300006755} = {47BC56ED-FECA-1BAD-6757-8A6300006755}
	EndProjectSection
EndProject
Project("{8BC9CEB8-8B4A-11D0-8D11-00A0C91BC942}") = "ACE_RLECompression", "Compression\rle\ACE_RLECompression_vc10.vcxproj", "{F5DBB22D-FECA-1BAD-4E51-F42FEA0697D6}"
	ProjectSection(ProjectDependencies) = postProject
		{47BC56ED-FECA-1BAD-6757-8A6300006755} = {47BC56ED-FECA-1BAD-6757-8A6300006755}
		{B0AF43A7-FECA-1BAD-EA06-BB371373EA04} = {B0AF43A7-FECA-1BAD-EA06-BB371373EA04}
	EndProjectSection
EndProject
Project("{8BC9CEB8-8B4A-11D0-8D11-00A0C91BC942}") = "ACE_ETCL_Parser", "ETCL\ACE_ETCL_Parser_vc10.vcxproj", "{42B1A787-FECA-1BAD-007E-8A67757B007A}"
	ProjectSection(ProjectDependencies) = postProject
		{47BC56ED-FECA-1BAD-6757-8A6300006755} = {47BC56ED-FECA-1BAD-6757-8A6300006755}
		{17692659-FECA-1BAD-007E-8A67757B007A} = {17692659-FECA-1BAD-007E-8A67757B007A}
	EndProjectSection
EndProject
Project("{8BC9CEB8-8B4A-11D0-8D11-00A0C91BC942}") = "ACE_ETCL", "ETCL\ACE_ETCL_vc10.vcxproj", "{17692659-FECA-1BAD-007E-8A67757B007A}"
	ProjectSection(ProjectDependencies) = postProject
		{47BC56ED-FECA-1BAD-6757-8A6300006755} = {47BC56ED-FECA-1BAD-6757-8A6300006755}
	EndProjectSection
EndProject
Project("{8BC9CEB8-8B4A-11D0-8D11-00A0C91BC942}") = "Monitor_Control", "Monitor_Control\Monitor_Control_vc10.vcxproj", "{7153B6F4-FECA-1BAD-D619-74620E01B14C}"
	ProjectSection(ProjectDependencies) = postProject
		{47BC56ED-FECA-1BAD-6757-8A6300006755} = {47BC56ED-FECA-1BAD-6757-8A6300006755}
		{17692659-FECA-1BAD-007E-8A67757B007A} = {17692659-FECA-1BAD-007E-8A67757B007A}
		{42B1A787-FECA-1BAD-007E-8A67757B007A} = {42B1A787-FECA-1BAD-007E-8A67757B007A}
	EndProjectSection
EndProject
Project("{8BC9CEB8-8B4A-11D0-8D11-00A0C91BC942}") = "QoS", "QoS\QoS_vc10.vcxproj", "{6ADC56EC-FECA-1BAD-7781-8A636757A7A3}"
	ProjectSection(ProjectDependencies) = postProject
		{47BC56ED-FECA-1BAD-6757-8A6300006755} = {47BC56ED-FECA-1BAD-6757-8A6300006755}
	EndProjectSection
EndProject
Global
	GlobalSection(SolutionConfigurationPlatforms) = preSolution
		Debug|Win32 = Debug|Win32
		Release|Win32 = Release|Win32
	EndGlobalSection
	GlobalSection(ProjectConfigurationPlatforms) = postSolution
		{47BC56ED-FECA-1BAD-6757-8A6300006755}.Debug|Win32.ActiveCfg = Debug|Win32
		{47BC56ED-FECA-1BAD-6757-8A6300006755}.Debug|Win32.Build.0 = Debug|Win32
		{47BC56ED-FECA-1BAD-6757-8A6300006755}.Release|Win32.ActiveCfg = Release|Win32
		{47BC56ED-FECA-1BAD-6757-8A6300006755}.Release|Win32.Build.0 = Release|Win32
		{B0AF43A7-FECA-1BAD-EA06-BB371373EA04}.Debug|Win32.ActiveCfg = Debug|Win32
		{B0AF43A7-FECA-1BAD-EA06-BB371373EA04}.Debug|Win32.Build.0 = Debug|Win32
		{B0AF43A7-FECA-1BAD-EA06-BB371373EA04}.Release|Win32.ActiveCfg = Release|Win32
		{B0AF43A7-FECA-1BAD-EA06-BB371373EA04}.Release|Win32.Build.0 = Release|Win32
		{F5DBB22D-FECA-1BAD-4E51-F42FEA0697D6}.Debug|Win32.ActiveCfg = Debug|Win32
		{F5DBB22D-FECA-1BAD-4E51-F42FEA0697D6}.Debug|Win32.Build.0 = Debug|Win32
		{F5DBB22D-FECA-1BAD-4E51-F42FEA0697D6}.Release|Win32.ActiveCfg = Release|Win32
		{F5DBB22D-FECA-1BAD-4E51-F42FEA0697D6}.Release|Win32.Build.0 = Release|Win32
		{42B1A787-FECA-1BAD-007E-8A67757B007A}.Debug|Win32.ActiveCfg = Debug|Win32
		{42B1A787-FECA-1BAD-007E-8A67757B007A}.Debug|Win32.Build.0 = Debug|Win32
		{42B1A787-FECA-1BAD-007E-8A67757B007A}.Release|Win32.ActiveCfg = Release|Win32
		{42B1A787-FECA-1BAD-007E-8A67757B007A}.Release|Win32.Build.0 = Release|Win32
		{17692659-FECA-1BAD-007E-8A67757B007A}.Debug|Win32.ActiveCfg = Debug|Win32
		{17692659-FECA-1BAD-007E-8A67757B007A}.Debug|Win32.Build.0 = Debug|Win32
		{17692659-FECA-1BAD-007E-8A67757B007A}.Release|Win32.ActiveCfg = Release|Win32
		{17692659-FECA-1BAD-007E-8A67757B007A}.Release|Win32.Build.0 = Release|Win32
		{7153B6F4-FECA-1BAD-D619-74620E01B14C}.Debug|Win32.ActiveCfg = Debug|Win32
		{7153B6F4-FECA-1BAD-D619-74620E01B14C}.Debug|Win32.Build.0 = Debug|Win32
		{7153B6F4-FECA-1BAD-D619-74620E01B14C}.Release|Win32.ActiveCfg = Release|Win32
		{7153B6F4-FECA-1BAD-D619-74620E01B14C}.Release|Win32.Build.0 = Release|Win32
		{6ADC56EC-FECA-1BAD-7781-8A636757A7A3}.Debug|Win32.ActiveCfg = Debug|Win32
		{6ADC56EC-FECA-1BAD-7781-8A636757A7A3}.Debug|Win32.Build.0 = Debug|Win32
		{6ADC56EC-FECA-1BAD-7781-8A636757A7A3}.Release|Win32.ActiveCfg = Release|Win32
		{6ADC56EC-FECA-1BAD-7781-8A636757A7A3}.Release|Win32.Build.0 = Release|Win32
	EndGlobalSection
	GlobalSection(SolutionProperties) = preSolution
		HideSolutionNode = FALSE
	EndGlobalSection
EndGlobal
